lockfileVersion: '9.0'

settings:
  autoInstallPeers: true
  excludeLinksFromLockfile: false

importers:

  .:
    devDependencies:
      '@hey-api/openapi-ts':
        specifier: ^0.99.0
        version: 0.99.0(typescript@5.9.3)
      prettier:
        specifier: ^3.9.5
        version: 3.9.5
      typescript:
        specifier: ~5.9.3
        version: 5.9.3

packages:

  '@hey-api/codegen-core@0.9.1':
    resolution: {integrity: sha512-s97jL1dgTMuiMHv2BZ1X4Tgd99Mf9GOvGdNqNcGwIMmnR+PgYNoraj4Zvp134MKsNCap/m7k0r0vKKnl56pj4w==}
    engines: {node: '>=22.18.0'}

  '@hey-api/json-schema-ref-parser@1.4.4':
    resolution: {integrity: sha512-otmd+zCxbYVBIp/mlMTnGkvlNYLkVKgs3VOIq0kSnenhB1+fRwLPQIeSwyWM6E51oXhUedkYjVsVpkVexeuJOA==}
    engines: {node: '>=22.18.0'}

  '@hey-api/openapi-ts@0.99.0':
    resolution: {integrity: sha512-SePU/5oEWWkvUBYmvzdYRctseoLuskyhs4ET0RvLIcmzc8yLQoA2R+KtBIQ8bPsoSUB0m4E5SmBnl6aGSA0szQ==}
    engines: {node: '>=22.18.0'}
    hasBin: true
    peerDependencies:
      typescript: '>=5.5.3 || >=6.0.0 || 6.0.1-rc'

  '@hey-api/shared@0.5.0':
    resolution: {integrity: sha512-JN/j4Ebh4cJGYIQ5cwWuqe7GeSUyQoz7oC51WqyhKOcrejK6DKZMDkshc5d1eKTRuRL+rjozuRcoUaZZn2DGPw==}
    engines: {node: '>=22.18.0'}

  '@hey-api/spec-types@0.2.0':
    resolution: {integrity: sha512-ibQ8Is7evMavzr8GNyJCcTg975d8DpaMUyLmOrQ85UBdy1l6t1KuRAwgChAbesJsIlNV6gjmlXruWyegDX18Fg==}

  '@hey-api/types@0.1.4':
    resolution: {integrity: sha512-thWfawrDIP7wSI9ioT13I5soaaqB5vAPIiZmgD8PbeEVKNrkonc0N/Sjj97ezl7oQgusZmaNphGdMKipPO6IBg==}

  '@jsdevtools/ono@7.1.3':
    resolution: {integrity: sha512-4JQNk+3mVzK3xh2rqd6RB4J46qUR19azEHBneZyTZM+c456qOrbbM/5xcR8huNCCcbVt7+UmizG6GuUvPvKUYg==}

  '@lukeed/ms@2.0.2':
    resolution: {integrity: sha512-9I2Zn6+NJLfaGoz9jN3lpwDgAYvfGeNYdbAIjJOqzs4Tpc+VU3Jqq4IofSUBKajiDS8k9fZIg18/z13mpk1bsA==}
    engines: {node: '>=8'}

  '@types/json-schema@7.0.15':
    resolution: {integrity: sha512-5+fP8P8MFNC+AyZCDxrB2pkZFPGzqQWUzpSeuuVLvm8VMcorNYavBqoFcxK8bQz4Qsbn4oUEEem4wDLfcysGHA==}

  ansi-colors@4.1.3:
    resolution: {integrity: sha512-/6w/C21Pm1A7aZitlI5Ni/2J6FFQN8i1Cvz3kHABAAbw93v/NlvKdVOqz7CCWz/3iv/JplRSEEZ83XION15ovw==}
    engines: {node: '>=6'}

  argparse@2.0.1:
    resolution: {integrity: sha512-8+9WqebbFzpX9OR+Wa6O29asIogeRMzcGtAINdpMHHyAg10f05aSFVBbcEqGf/PXw1EjAZ+q2/bEBg3DvurK3Q==}

  bundle-name@4.1.0:
    resolution: {integrity: sha512-tjwM5exMg6BGRI+kNmTntNsvdZS1X8BFYS6tnJ2hdH0kVxM6/eVZ2xy+FqStSWvYmtfFMDLIxurorHwDKfDz5Q==}
    engines: {node: '>=18'}

  c12@3.3.4:
    resolution: {integrity: sha512-cM0ApFQSBXuourJejzwv/AuPRvAxordTyParRVcHjjtXirtkzM0uK2L9TTn9s0cXZbG7E55jCivRQzoxYmRAlA==}
    peerDependencies:
      magicast: '*'
    peerDependenciesMeta:
      magicast:
        optional: true

  chokidar@5.0.0:
    resolution: {integrity: sha512-TQMmc3w+5AxjpL8iIiwebF73dRDF4fBIieAqGn9RGCWaEVwQ6Fb2cGe31Yns0RRIzii5goJ1Y7xbMwo1TxMplw==}
    engines: {node: '>= 20.19.0'}

  color-support@1.1.3:
    resolution: {integrity: sha512-qiBjkpbMLO/HL68y+lh4q0/O1MZFj2RX6X/KmMa3+gJD3z+WwI1ZzDHysvqHGS3mP6mznPckpXmw1nI9cJjyRg==}
    hasBin: true

  commander@15.0.0:
    resolution: {integrity: sha512-z67u4ZhzCL/Tydu1lJARtEZYWbWaN7oYLHbsuzocr6y4N6WZAagG3RQ4FW61V1/0+jImpj293XfrcYnd1qxtPg==}
    engines: {node: '>=22.12.0'}

  confbox@0.2.4:
    resolution: {integrity: sha512-ysOGlgTFbN2/Y6Cg3Iye8YKulHw+R2fNXHrgSmXISQdMnomY6eNDprVdW9R5xBguEqI954+S6709UyiO7B+6OQ==}

  cross-spawn@7.0.6:
    resolution: {integrity: sha512-uV2QOWP2nWzsy2aMp8aRibhi9dlzF5Hgh5SHaB9OiTGEyDTiJJyx0uy51QXdyWbtAHNua4XJzUKca3OzKUd3vA==}
    engines: {node: '>= 8'}

  default-browser-id@5.0.1:
    resolution: {integrity: sha512-x1VCxdX4t+8wVfd1so/9w+vQ4vx7lKd2Qp5tDRutErwmR85OgmfX7RlLRMWafRMY7hbEiXIbudNrjOAPa/hL8Q==}
    engines: {node: '>=18'}

  default-browser@5.5.0:
    resolution: {integrity: sha512-H9LMLr5zwIbSxrmvikGuI/5KGhZ8E2zH3stkMgM5LpOWDutGM2JZaj460Udnf1a+946zc7YBgrqEWwbk7zHvGw==}
    engines: {node: '>=18'}

  define-lazy-prop@3.0.0:
    resolution: {integrity: sha512-N+MeXYoqr3pOgn8xfyRPREN7gHakLYjhsHhWGT3fWAiL4IkAt0iDw14QiiEm2bE30c5XX5q0FtAA3CK5f9/BUg==}
    engines: {node: '>=12'}

  defu@6.1.7:
    resolution: {integrity: sha512-7z22QmUWiQ/2d0KkdYmANbRUVABpZ9SNYyH5vx6PZ+nE5bcC0l7uFvEfHlyld/HcGBFTL536ClDt3DEcSlEJAQ==}

  destr@2.0.5:
    resolution: {integrity: sha512-ugFTXCtDZunbzasqBxrK93Ik/DRYsO6S/fedkWEMKqt04xZ4csmnmwGDBAb07QWNaGMAmnTIemsYZCksjATwsA==}

  dotenv@17.4.2:
    resolution: {integrity: sha512-nI4U3TottKAcAD9LLud4Cb7b2QztQMUEfHbvhTH09bqXTxnSie8WnjPALV/WMCrJZ6UV/qHJ6L03OqO3LcdYZw==}
    engines: {node: '>=12'}

  exsolve@1.1.0:
    resolution: {integrity: sha512-D+42+T12DdIlJM3uepa55qGiL3sYdLBOxIl2ifQCzCHz4c7eiolaHsi3BIqEr7JxBzxv2pYZQX9kw16ziMcEmw==}

  get-tsconfig@4.14.0:
    resolution: {integrity: sha512-yTb+8DXzDREzgvYmh6s9vHsSVCHeC0G3PI5bEXNBHtmshPnO+S5O7qgLEOn0I5QvMy6kpZN8K1NKGyilLb93wA==}

  giget@3.3.0:
    resolution: {integrity: sha512-gzi2D96p+AMfDcmJHGDj3KJ9NRiwvlFAU5yfa3ROwWZmFUjX4P43x3BcyRaOMMLto1vUo7C+86+MFhYTl6Ryiw==}
    hasBin: true

  is-docker@3.0.0:
    resolution: {integrity: sha512-eljcgEDlEns/7AXFosB5K/2nCM4P7FQPkGc/DWLy5rmFEWvZayGrik1d9/QIY5nJ4f9YsVvBkA6kJpHn9rISdQ==}
    engines: {node: ^12.20.0 || ^14.13.1 || >=16.0.0}
    hasBin: true

  is-in-ssh@1.0.0:
    resolution: {integrity: sha512-jYa6Q9rH90kR1vKB6NM7qqd1mge3Fx4Dhw5TVlK1MUBqhEOuCagrEHMevNuCcbECmXZ0ThXkRm+Ymr51HwEPAw==}
    engines: {node: '>=20'}

  is-inside-container@1.0.0:
    resolution: {integrity: sha512-KIYLCCJghfHZxqjYBE7rEy0OBuTd5xCHS7tHVgvCLkx7StIoaxwNW3hCALgEUjFfeRk+MG/Qxmp/vtETEF3tRA==}
    engines: {node: '>=14.16'}
    hasBin: true

  is-wsl@3.1.1:
    resolution: {integrity: sha512-e6rvdUCiQCAuumZslxRJWR/Doq4VpPR82kqclvcS0efgt430SlGIk05vdCN58+VrzgtIcfNODjozVielycD4Sw==}
    engines: {node: '>=16'}

  isexe@2.0.0:
    resolution: {integrity: sha512-RHxMLp9lnKHGHRng9QFhRCMbYAcVpn69smSGcq3f36xjgVVWThj4qqLbTLlq7Ssj8B+fIQ1EuCEGI2lKsyQeIw==}

  jiti@2.7.0:
    resolution: {integrity: sha512-AC/7JofJvZGrrneWNaEnJeOLUx+JlGt7tNa0wZiRPT4MY1wmfKjt2+6O2p2uz2+skll8OZZmJMNqeke7kKbNgQ==}
    hasBin: true

  js-yaml@4.2.0:
    resolution: {integrity: sha512-ePWsvanv0DWuDRsW8dnt+R4jQ31SCRCQ7hhNcPXZPsoBZiemuZNYGf7adZdqX2D86j6rvKp3RpCxVTSb8WQlOw==}
    hasBin: true

  ohash@2.0.11:
    resolution: {integrity: sha512-RdR9FQrFwNBNXAr4GixM8YaRZRJ5PUWbKYbE5eOsrwAjJW0q2REGcf79oYPsLyskQCZG1PLN+S/K1V00joZAoQ==}

  open@11.0.0:
    resolution: {integrity: sha512-smsWv2LzFjP03xmvFoJ331ss6h+jixfA4UUV/Bsiyuu4YJPfN+FIQGOIiv4w9/+MoHkfkJ22UIaQWRVFRfH6Vw==}
    engines: {node: '>=20'}

  path-key@3.1.1:
    resolution: {integrity: sha512-ojmeN0qd+y0jszEtoY48r0Peq5dwMEkIlCOu6Q5f41lfkswXuKtYrhgoTpLnyIcHm24Uhqx+5Tqm2InSwLhE6Q==}
    engines: {node: '>=8'}

  pathe@2.0.3:
    resolution: {integrity: sha512-WUjGcAqP1gQacoQe+OBJsFA7Ld4DyXuUIjZ5cc75cLHvJ7dtNsTugphxIADwspS+AraAUePCKrSVtPLFj/F88w==}

  perfect-debounce@2.1.0:
    resolution: {integrity: sha512-LjgdTytVFXeUgtHZr9WYViYSM/g8MkcTPYDlPa3cDqMirHjKiSZPYd6DoL7pK8AJQr+uWkQvCjHNdiMqsrJs+g==}

  pkg-types@2.3.1:
    resolution: {integrity: sha512-y+ichcgc2LrADuhLNAx8DFjVfgz91pRxfZdI3UDhxHvcVEZsenLO+7XaU5vOp0u/7V/wZ+plyuQxtrDlZJ+yeg==}

  powershell-utils@0.1.0:
    resolution: {integrity: sha512-dM0jVuXJPsDN6DvRpea484tCUaMiXWjuCn++HGTqUWzGDjv5tZkEZldAJ/UMlqRYGFrD/etByo4/xOuC/snX2A==}
    engines: {node: '>=20'}

  prettier@3.9.5:
    resolution: {integrity: sha512-/FVl766LpUfB5vXgCYOYa0MeV/441Ia99AeICQIQFTY/Nw0roZwULcXpku5i1/m5kt/baz+s4Zogspd839HSMg==}
    engines: {node: '>=14'}
    hasBin: true

  rc9@3.0.1:
    resolution: {integrity: sha512-gMDyleLWVE+i6Sgtc0QbbY6pEKqYs97NGi6isHQPqYlLemPoO8dxQ3uGi0f4NiP98c+jMW6cG1Kx9dDwfvqARQ==}

  readdirp@5.0.0:
    resolution: {integrity: sha512-9u/XQ1pvrQtYyMpZe7DXKv2p5CNvyVwzUB6uhLAnQwHMSgKMBR62lc7AHljaeteeHXn11XTAaLLUVZYVZyuRBQ==}
    engines: {node: '>= 20.19.0'}

  resolve-pkg-maps@1.0.0:
    resolution: {integrity: sha512-seS2Tj26TBVOC2NIc2rOe2y2ZO7efxITtLZcGSOnHHNOQ7CkiUBfw0Iw2ck6xkIhPwLhKNLS8BO+hEpngQlqzw==}

  run-applescript@7.1.0:
    resolution: {integrity: sha512-DPe5pVFaAsinSaV6QjQ6gdiedWDcRCbUuiQfQa2wmWV7+xC9bGulGI8+TdRmoFkAPaBXk8CrAbnlY2ISniJ47Q==}
    engines: {node: '>=18'}

  semver@7.8.4:
    resolution: {integrity: sha512-rUCObTnP32Q08R2uuIrt7r9PlEonuTmtuXYcW6s5kjdlj3xbnwe+21yXptAUYcMAABLkYYTtnmzb3w3EDZfueA==}
    engines: {node: '>=10'}
    hasBin: true

  shebang-command@2.0.0:
    resolution: {integrity: sha512-kHxr2zZpYtdmrN1qDjrrX/Z1rR1kG8Dx+gkpK1G4eXmvXswmcE1hTWBWYUzlraYw1/yZp6YuDY77YtvbN0dmDA==}
    engines: {node: '>=8'}

  shebang-regex@3.0.0:
    resolution: {integrity: sha512-7++dFhtcx3353uBaq8DDR4NuxBetBzC7ZQOhmTQInHEd6bSrXdiEyzCvG07Z44UYdLShWUyXt5M/yhz8ekcb1A==}
    engines: {node: '>=8'}

  typescript@5.9.3:
    resolution: {integrity: sha512-jl1vZzPDinLr9eUt3J/t7V6FgNEw9QjvBPdysz9KfQDD41fQrC2Y4vKQdiaUpFT4bXlb1RHhLpp8wtm6M5TgSw==}
    engines: {node: '>=14.17'}
    hasBin: true

  which@2.0.2:
    resolution: {integrity: sha512-BLI3Tl1TW3Pvl70l3yq3Y64i+awpwXqsGBYWkkqMtnbXgrMD+yj7rhW0kuEDxzJaYXGjEW5ogapKNMEKNMjibA==}
    engines: {node: '>= 8'}
    hasBin: true

  wsl-utils@0.3.1:
    resolution: {integrity: sha512-g/eziiSUNBSsdDJtCLB8bdYEUMj4jR7AGeUo96p/3dTafgjHhpF4RiCFPiRILwjQoDXx5MqkBr4fwWtR3Ky4Wg==}
    engines: {node: '>=20'}

snapshots:

  '@hey-api/codegen-core@0.9.1':
    dependencies:
      '@hey-api/types': 0.1.4
      ansi-colors: 4.1.3
      c12: 3.3.4
      color-support: 1.1.3
    transitivePeerDependencies:
      - magicast

  '@hey-api/json-schema-ref-parser@1.4.4':
    dependencies:
      '@jsdevtools/ono': 7.1.3
      '@types/json-schema': 7.0.15
      js-yaml: 4.2.0

  '@hey-api/openapi-ts@0.99.0(typescript@5.9.3)':
    dependencies:
      '@hey-api/codegen-core': 0.9.1
      '@hey-api/json-schema-ref-parser': 1.4.4
      '@hey-api/shared': 0.5.0
      '@hey-api/spec-types': 0.2.0
      '@hey-api/types': 0.1.4
      '@lukeed/ms': 2.0.2
      ansi-colors: 4.1.3
      color-support: 1.1.3
      commander: 15.0.0
      get-tsconfig: 4.14.0
      typescript: 5.9.3
    transitivePeerDependencies:
      - magicast

  '@hey-api/shared@0.5.0':
    dependencies:
      '@hey-api/codegen-core': 0.9.1
      '@hey-api/json-schema-ref-parser': 1.4.4
      '@hey-api/spec-types': 0.2.0
      '@hey-api/types': 0.1.4
      ansi-colors: 4.1.3
      cross-spawn: 7.0.6
      open: 11.0.0
      semver: 7.8.4
    transitivePeerDependencies:
      - magicast

  '@hey-api/spec-types@0.2.0':
    dependencies:
      '@hey-api/types': 0.1.4

  '@hey-api/types@0.1.4': {}

  '@jsdevtools/ono@7.1.3': {}

  '@lukeed/ms@2.0.2': {}

  '@types/json-schema@7.0.15': {}

  ansi-colors@4.1.3: {}

  argparse@2.0.1: {}

  bundle-name@4.1.0:
    dependencies:
      run-applescript: 7.1.0

  c12@3.3.4:
    dependencies:
      chokidar: 5.0.0
      confbox: 0.2.4
      defu: 6.1.7
      dotenv: 17.4.2
      exsolve: 1.1.0
      giget: 3.3.0
      jiti: 2.7.0
      ohash: 2.0.11
      pathe: 2.0.3
      perfect-debounce: 2.1.0
      pkg-types: 2.3.1
      rc9: 3.0.1

  chokidar@5.0.0:
    dependencies:
      readdirp: 5.0.0

  color-support@1.1.3: {}

  commander@15.0.0: {}

  confbox@0.2.4: {}

  cross-spawn@7.0.6:
    dependencies:
      path-key: 3.1.1
      shebang-command: 2.0.0
      which: 2.0.2

  default-browser-id@5.0.1: {}

  default-browser@5.5.0:
    dependencies:
      bundle-name: 4.1.0
      default-browser-id: 5.0.1

  define-lazy-prop@3.0.0: {}

  defu@6.1.7: {}

  destr@2.0.5: {}

  dotenv@17.4.2: {}

  exsolve@1.1.0: {}

  get-tsconfig@4.14.0:
    dependencies:
      resolve-pkg-maps: 1.0.0

  giget@3.3.0: {}

  is-docker@3.0.0: {}

  is-in-ssh@1.0.0: {}

  is-inside-container@1.0.0:
    dependencies:
      is-docker: 3.0.0

  is-wsl@3.1.1:
    dependencies:
      is-inside-container: 1.0.0

  isexe@2.0.0: {}

  jiti@2.7.0: {}

  js-yaml@4.2.0:
    dependencies:
      argparse: 2.0.1

  ohash@2.0.11: {}

  open@11.0.0:
    dependencies:
      default-browser: 5.5.0
      define-lazy-prop: 3.0.0
      is-in-ssh: 1.0.0
      is-inside-container: 1.0.0
      powershell-utils: 0.1.0
      wsl-utils: 0.3.1

  path-key@3.1.1: {}

  pathe@2.0.3: {}

  perfect-debounce@2.1.0: {}

  pkg-types@2.3.1:
    dependencies:
      confbox: 0.2.4
      exsolve: 1.1.0
      pathe: 2.0.3

  powershell-utils@0.1.0: {}

  prettier@3.9.5: {}

  rc9@3.0.1:
    dependencies:
      defu: 6.1.7
      destr: 2.0.5

  readdirp@5.0.0: {}

  resolve-pkg-maps@1.0.0: {}

  run-applescript@7.1.0: {}

  semver@7.8.4: {}

  shebang-command@2.0.0:
    dependencies:
      shebang-regex: 3.0.0

  shebang-regex@3.0.0: {}

  typescript@5.9.3: {}

  which@2.0.2:
    dependencies:
      isexe: 2.0.0

  wsl-utils@0.3.1:
    dependencies:
      is-wsl: 3.1.1
      powershell-utils: 0.1.0
